PODS:
  - Charts (3.6.0):
    - Charts/Core (= 3.6.0)
  - Charts/Core (3.6.0)
  - DropDown (2.3.13)
  - lottie-ios (3.1.9)
  - MaterialComponents/ActionSheet (119.5.0):
    - MaterialComponents/Availability
    - MaterialComponents/BottomSheet
    - MaterialComponents/Elevation
    - MaterialComponents/Ink
    - MaterialComponents/private/Math
    - MaterialComponents/Ripple
    - MaterialComponents/ShadowElevations
    - MaterialComponents/Typography
  - MaterialComponents/AnimationTiming (119.5.0)
  - MaterialComponents/Availability (119.5.0)
  - MaterialComponents/BottomSheet (119.5.0):
    - MaterialComponents/Elevation
    - MaterialComponents/private/KeyboardWatcher
    - MaterialComponents/private/Math
    - MaterialComponents/ShadowElevations
    - MaterialComponents/ShadowLayer
    - MaterialComponents/ShapeLibrary
    - MaterialComponents/Shapes
  - MaterialComponents/Buttons (119.5.0):
    - MaterialComponents/Elevation
    - MaterialComponents/Ink
    - MaterialComponents/private/Math
    - MaterialComponents/Ripple
    - MaterialComponents/ShadowElevations
    - MaterialComponents/ShadowLayer
    - MaterialComponents/ShapeLibrary
    - MaterialComponents/Shapes
    - MaterialComponents/Typography
    - MDFInternationalization
    - MDFTextAccessibility
  - MaterialComponents/Dialogs (119.5.0):
    - MaterialComponents/Buttons
    - MaterialComponents/Elevation
    - MaterialComponents/private/KeyboardWatcher
    - MaterialComponents/private/Math
    - MaterialComponents/ShadowElevations
    - MaterialComponents/ShadowLayer
    - MaterialComponents/Typography
    - MDFInternationalization
  - MaterialComponents/Elevation (119.5.0):
    - MaterialComponents/Availability
    - MaterialComponents/private/Color
    - MaterialComponents/private/Math
  - MaterialComponents/Ink (119.5.0):
    - MaterialComponents/Availability
    - MaterialComponents/private/Color
    - MaterialComponents/private/Math
  - MaterialComponents/private/Application (119.5.0)
  - MaterialComponents/private/Color (119.5.0):
    - MaterialComponents/Availability
  - MaterialComponents/private/KeyboardWatcher (119.5.0):
    - MaterialComponents/private/Application
  - MaterialComponents/private/Math (119.5.0)
  - "MaterialComponents/private/TextControlsPrivate+BaseStyle (119.5.0)":
    - MaterialComponents/AnimationTiming
    - MaterialComponents/private/Math
    - "MaterialComponents/private/TextControlsPrivate+Shared"
  - "MaterialComponents/private/TextControlsPrivate+FilledStyle (119.5.0)":
    - MaterialComponents/AnimationTiming
    - MaterialComponents/Availability
    - MaterialComponents/private/Math
    - "MaterialComponents/private/TextControlsPrivate+Shared"
    - "MaterialComponents/private/TextControlsPrivate+UnderlinedStyle"
  - "MaterialComponents/private/TextControlsPrivate+OutlinedStyle (119.5.0)":
    - MaterialComponents/AnimationTiming
    - MaterialComponents/Availability
    - MaterialComponents/private/Math
    - "MaterialComponents/private/TextControlsPrivate+Shared"
  - "MaterialComponents/private/TextControlsPrivate+Shared (119.5.0)":
    - MaterialComponents/AnimationTiming
    - MaterialComponents/private/Math
    - "MaterialComponents/TextControls+Enums"
  - "MaterialComponents/private/TextControlsPrivate+TextFields (119.5.0)":
    - MaterialComponents/private/Math
    - "MaterialComponents/private/TextControlsPrivate+Shared"
  - "MaterialComponents/private/TextControlsPrivate+UnderlinedStyle (119.5.0)":
    - MaterialComponents/AnimationTiming
    - MaterialComponents/Availability
    - MaterialComponents/private/Math
    - "MaterialComponents/private/TextControlsPrivate+Shared"
  - MaterialComponents/Ripple (119.5.0):
    - MaterialComponents/AnimationTiming
    - MaterialComponents/Availability
    - MaterialComponents/private/Color
    - MaterialComponents/private/Math
  - MaterialComponents/ShadowElevations (119.5.0)
  - MaterialComponents/ShadowLayer (119.5.0):
    - MaterialComponents/ShadowElevations
  - MaterialComponents/ShapeLibrary (119.5.0):
    - MaterialComponents/private/Math
    - MaterialComponents/Shapes
  - MaterialComponents/Shapes (119.5.0):
    - MaterialComponents/private/Color
    - MaterialComponents/private/Math
    - MaterialComponents/ShadowLayer
  - "MaterialComponents/TextControls+BaseTextAreas (119.5.0)":
    - "MaterialComponents/private/TextControlsPrivate+BaseStyle"
    - "MaterialComponents/private/TextControlsPrivate+Shared"
    - MDFInternationalization
  - "MaterialComponents/TextControls+BaseTextFields (119.5.0)":
    - "MaterialComponents/private/TextControlsPrivate+BaseStyle"
    - "MaterialComponents/private/TextControlsPrivate+Shared"
    - "MaterialComponents/private/TextControlsPrivate+TextFields"
    - MDFInternationalization
  - "MaterialComponents/TextControls+Enums (119.5.0)"
  - "MaterialComponents/TextControls+FilledTextAreas (119.5.0)":
    - MaterialComponents/Availability
    - "MaterialComponents/private/TextControlsPrivate+FilledStyle"
    - "MaterialComponents/TextControls+BaseTextAreas"
  - "MaterialComponents/TextControls+FilledTextFields (119.5.0)":
    - MaterialComponents/Availability
    - "MaterialComponents/private/TextControlsPrivate+FilledStyle"
    - "MaterialComponents/TextControls+BaseTextFields"
  - "MaterialComponents/TextControls+OutlinedTextAreas (119.5.0)":
    - MaterialComponents/Availability
    - "MaterialComponents/private/TextControlsPrivate+OutlinedStyle"
    - "MaterialComponents/TextControls+BaseTextAreas"
  - "MaterialComponents/TextControls+OutlinedTextFields (119.5.0)":
    - MaterialComponents/Availability
    - "MaterialComponents/private/TextControlsPrivate+OutlinedStyle"
    - "MaterialComponents/TextControls+BaseTextFields"
  - MaterialComponents/Typography (119.5.0):
    - MaterialComponents/private/Application
    - MaterialComponents/private/Math
    - MDFTextAccessibility
  - MDFInternationalization (2.0.0)
  - MDFTextAccessibility (2.0.0)
  - SSToastMessage (1.0.0)

DEPENDENCIES:
  - Charts
  - DropDown
  - lottie-ios
  - MaterialComponents/ActionSheet
  - MaterialComponents/Buttons
  - MaterialComponents/Dialogs
  - "MaterialComponents/TextControls+FilledTextAreas"
  - "MaterialComponents/TextControls+FilledTextFields"
  - "MaterialComponents/TextControls+OutlinedTextAreas"
  - "MaterialComponents/TextControls+OutlinedTextFields"
  - SSToastMessage (~> 1.0.0)

SPEC REPOS:
  trunk:
    - Charts
    - DropDown
    - lottie-ios
    - MaterialComponents
    - MDFInternationalization
    - MDFTextAccessibility
    - SSToastMessage

SPEC CHECKSUMS:
  Charts: b1e3a1f5a1c9ba5394438ca3b91bd8c9076310af
  DropDown: 8a2116376c1981888557f72ec2ffc9a5e0e456ec
  lottie-ios: 3a3758ef5a008e762faec9c9d50a39842f26d124
  MaterialComponents: 2cdc12c16528ed7e6f1d5bd6d6927c47f9f4e90f
  MDFInternationalization: 010097556d6b09d2c4ea38e0820ea6d37be6a314
  MDFTextAccessibility: 85c09a1bd9c321f494348e632a25063bcda35a53
  SSToastMessage: 36f6bb3175e78b3424a03946a6c3d2588b322e0a

PODFILE CHECKSUM: df645d32a60bc53d6b9dfad1f9b287790e4ccb84

COCOAPODS: 1.8.4
